uuid: 6d597c4a-bad8-480c-bfdb-bc82f1105bd6
langcode: en
status: true
dependencies:
  config:
    - views.view.article_details
  module:
    - views
  theme:
    - surf
id: views_block__article_details_block
theme: surf
region: content
weight: -35
provider: null
plugin: 'views_block:article_details-block'
settings:
  id: 'views_block:article_details-block'
  label: ''
  label_display: '0'
  provider: views
  views_label: ''
  items_per_page: none
visibility: {  }
