uuid: 23bd31ba-9733-419b-b6f7-a3849fe1b3a1
langcode: en
status: true
dependencies:
  config:
    - views.view.job_opportunities
  module:
    - system
    - views
  theme:
    - surf
id: views_block__job_opportunities_block
theme: surf
region: listing
weight: 0
provider: null
plugin: 'views_block:job_opportunities-block'
settings:
  id: 'views_block:job_opportunities-block'
  label: ''
  label_display: visible
  provider: views
  views_label: ''
  items_per_page: none
visibility:
  request_path:
    id: request_path
    negate: false
    context_mapping: {  }
    pages: /node/6
