uuid: 2fe8cdf4-cd89-4be3-9627-dd92fbddf765
langcode: en
status: true
dependencies:
  config:
    - views.view.hero_image_term
  module:
    - views
  theme:
    - surf
id: views_block__hero_image_term_block
theme: surf
region: hero
weight: -37
provider: null
plugin: 'views_block:hero_image_term-block'
settings:
  id: 'views_block:hero_image_term-block'
  label: ''
  label_display: '0'
  provider: views
  views_label: ''
  items_per_page: none
visibility: {  }
